
Microsoft Visual Studio Solution File, Format Version 12.00
Project("{FAE04EC0-301F-11D3-BF4B-00C04F79EFBC}") = "Temporal.Jumpstart.App", "Temporal.Jumpstart.App\Temporal.Jumpstart.App.csproj", "{3236D6B0-4151-4C94-83C9-6064F73395C2}"
EndProject
Project("{FAE04EC0-301F-11D3-BF4B-00C04F79EFBC}") = "Temporal.Jumpstart.App", "src\Temporal.Jumpstart.App\Temporal.Jumpstart.App.csproj", "{6F712E58-03E9-4A54-AA3F-7804C1632F97}"
EndProject
Project("{FAE04EC0-301F-11D3-BF4B-00C04F79EFBC}") = "Temporal.Curriculum.Starters", "src\Temporal.Curriculum.Starters\Temporal.Curriculum.Starters.csproj", "{EE24B378-441C-40C0-AEA1-35729DC3E7E3}"
EndProject
Project("{FAE04EC0-301F-11D3-BF4B-00C04F79EFBC}") = "Temporal.Curriculum.Workflows.Domain", "src\Temporal.Curriculum.Workflows\Temporal.Curriculum.Workflows.Domain\Temporal.Curriculum.Workflows.Domain.csproj", "{6FC824FF-658E-4CC0-A464-978BB39F9778}"
EndProject
Project("{FAE04EC0-301F-11D3-BF4B-00C04F79EFBC}") = "Temporal.Curriculum.Workflows.Api", "src\Temporal.Curriculum.Workflows\Temporal.Curriculum.Workflows.Api\Temporal.Curriculum.Workflows.Api.csproj", "{1161D114-C7C1-4AA8-A769-7E23E52D350A}"
EndProject
Project("{FAE04EC0-301F-11D3-BF4B-00C04F79EFBC}") = "Temporal.Curriculum.Workflows.Messages", "src\Temporal.Curriculum.Workflows\Temporal.Curriculum.Workflows.Messages\Temporal.Curriculum.Workflows.Messages.csproj", "{C706CD21-B03F-4F2E-81DD-C35694D1CD3F}"
EndProject
Project("{FAE04EC0-301F-11D3-BF4B-00C04F79EFBC}") = "Temporal.Curriculum.Workflows.Tests", "tests\Temporal.Curriculum.Workflows\Temporal.Curriculum.Workflows.Tests\Temporal.Curriculum.Workflows.Tests.csproj", "{E52765E3-192F-4DFB-B4C3-B56BCD68B116}"
EndProject
Global
	GlobalSection(SolutionConfigurationPlatforms) = preSolution
		Debug|Any CPU = Debug|Any CPU
		Release|Any CPU = Release|Any CPU
	EndGlobalSection
	GlobalSection(ProjectConfigurationPlatforms) = postSolution
		{3236D6B0-4151-4C94-83C9-6064F73395C2}.Debug|Any CPU.ActiveCfg = Debug|Any CPU
		{3236D6B0-4151-4C94-83C9-6064F73395C2}.Debug|Any CPU.Build.0 = Debug|Any CPU
		{3236D6B0-4151-4C94-83C9-6064F73395C2}.Release|Any CPU.ActiveCfg = Release|Any CPU
		{3236D6B0-4151-4C94-83C9-6064F73395C2}.Release|Any CPU.Build.0 = Release|Any CPU
		{6F712E58-03E9-4A54-AA3F-7804C1632F97}.Debug|Any CPU.ActiveCfg = Debug|Any CPU
		{6F712E58-03E9-4A54-AA3F-7804C1632F97}.Debug|Any CPU.Build.0 = Debug|Any CPU
		{6F712E58-03E9-4A54-AA3F-7804C1632F97}.Release|Any CPU.ActiveCfg = Release|Any CPU
		{6F712E58-03E9-4A54-AA3F-7804C1632F97}.Release|Any CPU.Build.0 = Release|Any CPU
		{EE24B378-441C-40C0-AEA1-35729DC3E7E3}.Debug|Any CPU.ActiveCfg = Debug|Any CPU
		{EE24B378-441C-40C0-AEA1-35729DC3E7E3}.Debug|Any CPU.Build.0 = Debug|Any CPU
		{EE24B378-441C-40C0-AEA1-35729DC3E7E3}.Release|Any CPU.ActiveCfg = Release|Any CPU
		{EE24B378-441C-40C0-AEA1-35729DC3E7E3}.Release|Any CPU.Build.0 = Release|Any CPU
		{6FC824FF-658E-4CC0-A464-978BB39F9778}.Debug|Any CPU.ActiveCfg = Debug|Any CPU
		{6FC824FF-658E-4CC0-A464-978BB39F9778}.Debug|Any CPU.Build.0 = Debug|Any CPU
		{6FC824FF-658E-4CC0-A464-978BB39F9778}.Release|Any CPU.ActiveCfg = Release|Any CPU
		{6FC824FF-658E-4CC0-A464-978BB39F9778}.Release|Any CPU.Build.0 = Release|Any CPU
		{1161D114-C7C1-4AA8-A769-7E23E52D350A}.Debug|Any CPU.ActiveCfg = Debug|Any CPU
		{1161D114-C7C1-4AA8-A769-7E23E52D350A}.Debug|Any CPU.Build.0 = Debug|Any CPU
		{1161D114-C7C1-4AA8-A769-7E23E52D350A}.Release|Any CPU.ActiveCfg = Release|Any CPU
		{1161D114-C7C1-4AA8-A769-7E23E52D350A}.Release|Any CPU.Build.0 = Release|Any CPU
		{C706CD21-B03F-4F2E-81DD-C35694D1CD3F}.Debug|Any CPU.ActiveCfg = Debug|Any CPU
		{C706CD21-B03F-4F2E-81DD-C35694D1CD3F}.Debug|Any CPU.Build.0 = Debug|Any CPU
		{C706CD21-B03F-4F2E-81DD-C35694D1CD3F}.Release|Any CPU.ActiveCfg = Release|Any CPU
		{C706CD21-B03F-4F2E-81DD-C35694D1CD3F}.Release|Any CPU.Build.0 = Release|Any CPU
		{E52765E3-192F-4DFB-B4C3-B56BCD68B116}.Debug|Any CPU.ActiveCfg = Debug|Any CPU
		{E52765E3-192F-4DFB-B4C3-B56BCD68B116}.Debug|Any CPU.Build.0 = Debug|Any CPU
		{E52765E3-192F-4DFB-B4C3-B56BCD68B116}.Release|Any CPU.ActiveCfg = Release|Any CPU
		{E52765E3-192F-4DFB-B4C3-B56BCD68B116}.Release|Any CPU.Build.0 = Release|Any CPU
	EndGlobalSection
EndGlobal
