
Microsoft Visual Studio Solution File, Format Version 12.00
Project("{FAE04EC0-301F-11D3-BF4B-00C04F79EFBC}") = "Temporal.Jumpstart.App", "src\Temporal.Jumpstart.App\Temporal.Jumpstart.App.csproj", "{6F712E58-03E9-4A54-AA3F-7804C1632F97}"
EndProject
Project("{FAE04EC0-301F-11D3-BF4B-00C04F79EFBC}") = "Temporal.Curriculum.Starters", "src\Temporal.Curriculum.Starters\Temporal.Curriculum.Starters.csproj", "{EE24B378-441C-40C0-AEA1-35729DC3E7E3}"
EndProject
Project("{FAE04EC0-301F-11D3-BF4B-00C04F79EFBC}") = "Temporal.Curriculum.Workflows.Domain", "src\Temporal.Curriculum.Workflows\Temporal.Curriculum.Workflows.Domain\Temporal.Curriculum.Workflows.Domain.csproj", "{6FC824FF-658E-4CC0-A464-978BB39F9778}"
EndProject
Project("{FAE04EC0-301F-11D3-BF4B-00C04F79EFBC}") = "Temporal.Curriculum.Workflows.Api", "src\Temporal.Curriculum.Workflows\Temporal.Curriculum.Workflows.Api\Temporal.Curriculum.Workflows.Api.csproj", "{1161D114-C7C1-4AA8-A769-7E23E52D350A}"
EndProject
Project("{FAE04EC0-301F-11D3-BF4B-00C04F79EFBC}") = "Temporal.Curriculum.Workflows.Messages", "src\Temporal.Curriculum.Workflows\Temporal.Curriculum.Workflows.Messages\Temporal.Curriculum.Workflows.Messages.csproj", "{C706CD21-B03F-4F2E-81DD-C35694D1CD3F}"
EndProject
Project("{FAE04EC0-301F-11D3-BF4B-00C04F79EFBC}") = "Temporal.Curriculum.Workflows.Tests", "tests\Temporal.Curriculum.Workflows\Temporal.Curriculum.Workflows.Tests\Temporal.Curriculum.Workflows.Tests.csproj", "{E52765E3-192F-4DFB-B4C3-B56BCD68B116}"
EndProject
Project("{FAE04EC0-301F-11D3-BF4B-00C04F79EFBC}") = "Temporal.Curriculum.Activities.Tests", "tests\Temporal.Curriculum.Activities\Temporal.Curriculum.Activities.Tests\Temporal.Curriculum.Activities.Tests.csproj", "{D7CF5651-DD58-4ABD-8A1D-DE3E9BDFF08F}"
EndProject
Project("{FAE04EC0-301F-11D3-BF4B-00C04F79EFBC}") = "Temporal.Curriculum.Activities.Api", "src\Temporal.Curriculum.Activities\Temporal.Curriculum.Activities.Api\Temporal.Curriculum.Activities.Api.csproj", "{2B37A8E9-2866-44B4-9B64-B58AF6D54DC7}"
EndProject
Project("{FAE04EC0-301F-11D3-BF4B-00C04F79EFBC}") = "Temporal.Curriculum.Activities.Domain", "src\Temporal.Curriculum.Activities\Temporal.Curriculum.Activities.Domain\Temporal.Curriculum.Activities.Domain.csproj", "{2E683A12-8F27-4367-8587-66BDC88C94FE}"
EndProject
Project("{FAE04EC0-301F-11D3-BF4B-00C04F79EFBC}") = "Temporal.Curriculum.Activities.Messages", "src\Temporal.Curriculum.Activities\Temporal.Curriculum.Activities.Messages\Temporal.Curriculum.Activities.Messages.csproj", "{E66D5BDF-7FBB-443E-A3DF-77F9E51162AD}"
EndProject
Project("{FAE04EC0-301F-11D3-BF4B-00C04F79EFBC}") = "Temporal.Curriculum.Workers.Domain", "src\Temporal.Curriculum.Workers\Temporal.Curriculum.Workers.Domain\Temporal.Curriculum.Workers.Domain.csproj", "{C102C8F1-E4EC-4E43-BF01-29367ADDB02F}"
EndProject
Project("{FAE04EC0-301F-11D3-BF4B-00C04F79EFBC}") = "Temporal.Curriculum.Workers.Services", "src\Temporal.Curriculum.Workers\Temporal.Curriculum.Workers.Services\Temporal.Curriculum.Workers.Services.csproj", "{458B9469-78ED-4CED-A228-4537AB085D46}"
EndProject
Project("{FAE04EC0-301F-11D3-BF4B-00C04F79EFBC}") = "Temporal.Curriculum.Workers.Messages", "src\Temporal.Curriculum.Workers\Temporal.Curriculum.Workers.Messages\Temporal.Curriculum.Workers.Messages.csproj", "{11A54129-E36D-4EDA-ABBC-594301E1FFAA}"
EndProject
Project("{FAE04EC0-301F-11D3-BF4B-00C04F79EFBC}") = "Temporal.Curriculum.Workers.Api", "src\Temporal.Curriculum.Workers\Temporal.Curriculum.Workers.Api\Temporal.Curriculum.Workers.Api.csproj", "{776D61AC-22C6-46B5-AFF5-8CDEAAA0CBC0}"
EndProject
Project("{FAE04EC0-301F-11D3-BF4B-00C04F79EFBC}") = "Temporal.Curriculum.Timers.Domain", "src\Temporal.Curriculum.Timers\Temporal.Curriculum.Timers.Domain\Temporal.Curriculum.Timers.Domain.csproj", "{6EC6DA56-50CB-4CB8-AE70-0E35C9575045}"
EndProject
Project("{FAE04EC0-301F-11D3-BF4B-00C04F79EFBC}") = "Temporal.Curriculum.Timers.Tests", "tests\Temporal.Curriculum.Timers\Temporal.Curriculum.Timers.Tests\Temporal.Curriculum.Timers.Tests.csproj", "{FC48BBA4-AB7A-4D31-A1C9-45F36B29BD25}"
EndProject
Project("{FAE04EC0-301F-11D3-BF4B-00C04F79EFBC}") = "Temporal.Curriculum.Timers.Messages", "src\Temporal.Curriculum.Timers\Temporal.Curriculum.Timers.Messages\Temporal.Curriculum.Timers.Messages.csproj", "{656251F1-F410-4D11-BEE1-5228745849C2}"
EndProject
Project("{FAE04EC0-301F-11D3-BF4B-00C04F79EFBC}") = "Temporal.Curriculum.Timers.Api", "src\Temporal.Curriculum.Timers\Temporal.Curriculum.Timers.Api\Temporal.Curriculum.Timers.Api.csproj", "{2AD55BDB-1997-49D0-BCBF-BBF6B02B6E8B}"
EndProject
Project("{FAE04EC0-301F-11D3-BF4B-00C04F79EFBC}") = "Temporal.Curriculum.Timers.Services", "src\Temporal.Curriculum.Timers\Temporal.Curriculum.Timers.Services\Temporal.Curriculum.Timers.Services.csproj", "{3236C455-A59F-4235-BCA6-DB8B32EB067E}"
EndProject
Project("{FAE04EC0-301F-11D3-BF4B-00C04F79EFBC}") = "Temporal.Curriculum.Writes.Api", "src\Temporal.Curriculum.Writes\Temporal.Curriculum.Writes.Api\Temporal.Curriculum.Writes.Api.csproj", "{D3F9082F-1989-46FF-B87F-3047962BCF42}"
EndProject
Project("{FAE04EC0-301F-11D3-BF4B-00C04F79EFBC}") = "Temporal.Curriculum.Writes.Domain", "src\Temporal.Curriculum.Writes\Temporal.Curriculum.Writes.Domain\Temporal.Curriculum.Writes.Domain.csproj", "{BF9CB504-D939-4D28-8D6D-DB325F2B0689}"
EndProject
Project("{FAE04EC0-301F-11D3-BF4B-00C04F79EFBC}") = "Temporal.Curriculum.Writes.Messages", "src\Temporal.Curriculum.Writes\Temporal.Curriculum.Writes.Messages\Temporal.Curriculum.Writes.Messages.csproj", "{A6BFAA7F-5B7C-4570-8D3D-9CE129CFE8EA}"
EndProject
Project("{FAE04EC0-301F-11D3-BF4B-00C04F79EFBC}") = "Temporal.Curriculum.Writes.Services", "src\Temporal.Curriculum.Writes\Temporal.Curriculum.Writes.Services\Temporal.Curriculum.Writes.Services.csproj", "{213203FC-8089-417F-B369-33FEC4964E60}"
EndProject
Project("{FAE04EC0-301F-11D3-BF4B-00C04F79EFBC}") = "Temporal.Curriculum.Writes.Tests", "tests\Temporal.Curriculum.Writes\Temporal.Curriculum.Writes.Tests\Temporal.Curriculum.Writes.Tests.csproj", "{EDA5B2B5-2EEA-4313-B096-CB2677C338BF}"
EndProject
Project("{FAE04EC0-301F-11D3-BF4B-00C04F79EFBC}") = "Temporal.Curriculum.Reads.Api", "src\Temporal.Curriculum.Reads\Temporal.Curriculum.Reads.Api\Temporal.Curriculum.Reads.Api.csproj", "{B6E7B80C-0DBF-4AE6-9D6C-0BA8718DE13B}"
EndProject
Project("{FAE04EC0-301F-11D3-BF4B-00C04F79EFBC}") = "Temporal.Curriculum.Reads.Messages", "src\Temporal.Curriculum.Reads\Temporal.Curriculum.Reads.Messages\Temporal.Curriculum.Reads.Messages.csproj", "{917BCB94-A613-4F41-8816-E116C137E429}"
EndProject
Project("{FAE04EC0-301F-11D3-BF4B-00C04F79EFBC}") = "Temporal.Curriculum.Reads.Domain", "src\Temporal.Curriculum.Reads\Temporal.Curriculum.Reads.Domain\Temporal.Curriculum.Reads.Domain.csproj", "{01163400-5B5D-4CF2-BD5A-4AF20903F3B9}"
EndProject
Project("{FAE04EC0-301F-11D3-BF4B-00C04F79EFBC}") = "Temporal.Curriculum.Reads.Services", "src\Temporal.Curriculum.Reads\Temporal.Curriculum.Reads.Services\Temporal.Curriculum.Reads.Services.csproj", "{974A36EF-D980-4B72-8B7D-975744275E2A}"
EndProject
Project("{FAE04EC0-301F-11D3-BF4B-00C04F79EFBC}") = "Temporal.Curriculum.Reads.Tests", "tests\Temporal.Curriculum.Reads\Temporal.Curriculum.Reads.Tests\Temporal.Curriculum.Reads.Tests.csproj", "{0FB4FA0F-4677-4B1C-8E4F-FA4920BCAE2F}"
EndProject
Global
	GlobalSection(SolutionConfigurationPlatforms) = preSolution
		Debug|Any CPU = Debug|Any CPU
		Release|Any CPU = Release|Any CPU
	EndGlobalSection
	GlobalSection(ProjectConfigurationPlatforms) = postSolution
		{3236D6B0-4151-4C94-83C9-6064F73395C2}.Debug|Any CPU.ActiveCfg = Debug|Any CPU
		{3236D6B0-4151-4C94-83C9-6064F73395C2}.Debug|Any CPU.Build.0 = Debug|Any CPU
		{3236D6B0-4151-4C94-83C9-6064F73395C2}.Release|Any CPU.ActiveCfg = Release|Any CPU
		{3236D6B0-4151-4C94-83C9-6064F73395C2}.Release|Any CPU.Build.0 = Release|Any CPU
		{6F712E58-03E9-4A54-AA3F-7804C1632F97}.Debug|Any CPU.ActiveCfg = Debug|Any CPU
		{6F712E58-03E9-4A54-AA3F-7804C1632F97}.Debug|Any CPU.Build.0 = Debug|Any CPU
		{6F712E58-03E9-4A54-AA3F-7804C1632F97}.Release|Any CPU.ActiveCfg = Release|Any CPU
		{6F712E58-03E9-4A54-AA3F-7804C1632F97}.Release|Any CPU.Build.0 = Release|Any CPU
		{EE24B378-441C-40C0-AEA1-35729DC3E7E3}.Debug|Any CPU.ActiveCfg = Debug|Any CPU
		{EE24B378-441C-40C0-AEA1-35729DC3E7E3}.Debug|Any CPU.Build.0 = Debug|Any CPU
		{EE24B378-441C-40C0-AEA1-35729DC3E7E3}.Release|Any CPU.ActiveCfg = Release|Any CPU
		{EE24B378-441C-40C0-AEA1-35729DC3E7E3}.Release|Any CPU.Build.0 = Release|Any CPU
		{6FC824FF-658E-4CC0-A464-978BB39F9778}.Debug|Any CPU.ActiveCfg = Debug|Any CPU
		{6FC824FF-658E-4CC0-A464-978BB39F9778}.Debug|Any CPU.Build.0 = Debug|Any CPU
		{6FC824FF-658E-4CC0-A464-978BB39F9778}.Release|Any CPU.ActiveCfg = Release|Any CPU
		{6FC824FF-658E-4CC0-A464-978BB39F9778}.Release|Any CPU.Build.0 = Release|Any CPU
		{1161D114-C7C1-4AA8-A769-7E23E52D350A}.Debug|Any CPU.ActiveCfg = Debug|Any CPU
		{1161D114-C7C1-4AA8-A769-7E23E52D350A}.Debug|Any CPU.Build.0 = Debug|Any CPU
		{1161D114-C7C1-4AA8-A769-7E23E52D350A}.Release|Any CPU.ActiveCfg = Release|Any CPU
		{1161D114-C7C1-4AA8-A769-7E23E52D350A}.Release|Any CPU.Build.0 = Release|Any CPU
		{C706CD21-B03F-4F2E-81DD-C35694D1CD3F}.Debug|Any CPU.ActiveCfg = Debug|Any CPU
		{C706CD21-B03F-4F2E-81DD-C35694D1CD3F}.Debug|Any CPU.Build.0 = Debug|Any CPU
		{C706CD21-B03F-4F2E-81DD-C35694D1CD3F}.Release|Any CPU.ActiveCfg = Release|Any CPU
		{C706CD21-B03F-4F2E-81DD-C35694D1CD3F}.Release|Any CPU.Build.0 = Release|Any CPU
		{E52765E3-192F-4DFB-B4C3-B56BCD68B116}.Debug|Any CPU.ActiveCfg = Debug|Any CPU
		{E52765E3-192F-4DFB-B4C3-B56BCD68B116}.Debug|Any CPU.Build.0 = Debug|Any CPU
		{E52765E3-192F-4DFB-B4C3-B56BCD68B116}.Release|Any CPU.ActiveCfg = Release|Any CPU
		{E52765E3-192F-4DFB-B4C3-B56BCD68B116}.Release|Any CPU.Build.0 = Release|Any CPU
		{D7CF5651-DD58-4ABD-8A1D-DE3E9BDFF08F}.Debug|Any CPU.ActiveCfg = Debug|Any CPU
		{D7CF5651-DD58-4ABD-8A1D-DE3E9BDFF08F}.Debug|Any CPU.Build.0 = Debug|Any CPU
		{D7CF5651-DD58-4ABD-8A1D-DE3E9BDFF08F}.Release|Any CPU.ActiveCfg = Release|Any CPU
		{D7CF5651-DD58-4ABD-8A1D-DE3E9BDFF08F}.Release|Any CPU.Build.0 = Release|Any CPU
		{2B37A8E9-2866-44B4-9B64-B58AF6D54DC7}.Debug|Any CPU.ActiveCfg = Debug|Any CPU
		{2B37A8E9-2866-44B4-9B64-B58AF6D54DC7}.Debug|Any CPU.Build.0 = Debug|Any CPU
		{2B37A8E9-2866-44B4-9B64-B58AF6D54DC7}.Release|Any CPU.ActiveCfg = Release|Any CPU
		{2B37A8E9-2866-44B4-9B64-B58AF6D54DC7}.Release|Any CPU.Build.0 = Release|Any CPU
		{2E683A12-8F27-4367-8587-66BDC88C94FE}.Debug|Any CPU.ActiveCfg = Debug|Any CPU
		{2E683A12-8F27-4367-8587-66BDC88C94FE}.Debug|Any CPU.Build.0 = Debug|Any CPU
		{2E683A12-8F27-4367-8587-66BDC88C94FE}.Release|Any CPU.ActiveCfg = Release|Any CPU
		{2E683A12-8F27-4367-8587-66BDC88C94FE}.Release|Any CPU.Build.0 = Release|Any CPU
		{E66D5BDF-7FBB-443E-A3DF-77F9E51162AD}.Debug|Any CPU.ActiveCfg = Debug|Any CPU
		{E66D5BDF-7FBB-443E-A3DF-77F9E51162AD}.Debug|Any CPU.Build.0 = Debug|Any CPU
		{E66D5BDF-7FBB-443E-A3DF-77F9E51162AD}.Release|Any CPU.ActiveCfg = Release|Any CPU
		{E66D5BDF-7FBB-443E-A3DF-77F9E51162AD}.Release|Any CPU.Build.0 = Release|Any CPU
		{C102C8F1-E4EC-4E43-BF01-29367ADDB02F}.Debug|Any CPU.ActiveCfg = Debug|Any CPU
		{C102C8F1-E4EC-4E43-BF01-29367ADDB02F}.Debug|Any CPU.Build.0 = Debug|Any CPU
		{C102C8F1-E4EC-4E43-BF01-29367ADDB02F}.Release|Any CPU.ActiveCfg = Release|Any CPU
		{C102C8F1-E4EC-4E43-BF01-29367ADDB02F}.Release|Any CPU.Build.0 = Release|Any CPU
		{458B9469-78ED-4CED-A228-4537AB085D46}.Debug|Any CPU.ActiveCfg = Debug|Any CPU
		{458B9469-78ED-4CED-A228-4537AB085D46}.Debug|Any CPU.Build.0 = Debug|Any CPU
		{458B9469-78ED-4CED-A228-4537AB085D46}.Release|Any CPU.ActiveCfg = Release|Any CPU
		{458B9469-78ED-4CED-A228-4537AB085D46}.Release|Any CPU.Build.0 = Release|Any CPU
		{11A54129-E36D-4EDA-ABBC-594301E1FFAA}.Debug|Any CPU.ActiveCfg = Debug|Any CPU
		{11A54129-E36D-4EDA-ABBC-594301E1FFAA}.Debug|Any CPU.Build.0 = Debug|Any CPU
		{11A54129-E36D-4EDA-ABBC-594301E1FFAA}.Release|Any CPU.ActiveCfg = Release|Any CPU
		{11A54129-E36D-4EDA-ABBC-594301E1FFAA}.Release|Any CPU.Build.0 = Release|Any CPU
		{776D61AC-22C6-46B5-AFF5-8CDEAAA0CBC0}.Debug|Any CPU.ActiveCfg = Debug|Any CPU
		{776D61AC-22C6-46B5-AFF5-8CDEAAA0CBC0}.Debug|Any CPU.Build.0 = Debug|Any CPU
		{776D61AC-22C6-46B5-AFF5-8CDEAAA0CBC0}.Release|Any CPU.ActiveCfg = Release|Any CPU
		{776D61AC-22C6-46B5-AFF5-8CDEAAA0CBC0}.Release|Any CPU.Build.0 = Release|Any CPU
		{6EC6DA56-50CB-4CB8-AE70-0E35C9575045}.Debug|Any CPU.ActiveCfg = Debug|Any CPU
		{6EC6DA56-50CB-4CB8-AE70-0E35C9575045}.Debug|Any CPU.Build.0 = Debug|Any CPU
		{6EC6DA56-50CB-4CB8-AE70-0E35C9575045}.Release|Any CPU.ActiveCfg = Release|Any CPU
		{6EC6DA56-50CB-4CB8-AE70-0E35C9575045}.Release|Any CPU.Build.0 = Release|Any CPU
		{FC48BBA4-AB7A-4D31-A1C9-45F36B29BD25}.Debug|Any CPU.ActiveCfg = Debug|Any CPU
		{FC48BBA4-AB7A-4D31-A1C9-45F36B29BD25}.Debug|Any CPU.Build.0 = Debug|Any CPU
		{FC48BBA4-AB7A-4D31-A1C9-45F36B29BD25}.Release|Any CPU.ActiveCfg = Release|Any CPU
		{FC48BBA4-AB7A-4D31-A1C9-45F36B29BD25}.Release|Any CPU.Build.0 = Release|Any CPU
		{656251F1-F410-4D11-BEE1-5228745849C2}.Debug|Any CPU.ActiveCfg = Debug|Any CPU
		{656251F1-F410-4D11-BEE1-5228745849C2}.Debug|Any CPU.Build.0 = Debug|Any CPU
		{656251F1-F410-4D11-BEE1-5228745849C2}.Release|Any CPU.ActiveCfg = Release|Any CPU
		{656251F1-F410-4D11-BEE1-5228745849C2}.Release|Any CPU.Build.0 = Release|Any CPU
		{2AD55BDB-1997-49D0-BCBF-BBF6B02B6E8B}.Debug|Any CPU.ActiveCfg = Debug|Any CPU
		{2AD55BDB-1997-49D0-BCBF-BBF6B02B6E8B}.Debug|Any CPU.Build.0 = Debug|Any CPU
		{2AD55BDB-1997-49D0-BCBF-BBF6B02B6E8B}.Release|Any CPU.ActiveCfg = Release|Any CPU
		{2AD55BDB-1997-49D0-BCBF-BBF6B02B6E8B}.Release|Any CPU.Build.0 = Release|Any CPU
		{3236C455-A59F-4235-BCA6-DB8B32EB067E}.Debug|Any CPU.ActiveCfg = Debug|Any CPU
		{3236C455-A59F-4235-BCA6-DB8B32EB067E}.Debug|Any CPU.Build.0 = Debug|Any CPU
		{3236C455-A59F-4235-BCA6-DB8B32EB067E}.Release|Any CPU.ActiveCfg = Release|Any CPU
		{3236C455-A59F-4235-BCA6-DB8B32EB067E}.Release|Any CPU.Build.0 = Release|Any CPU
		{D3F9082F-1989-46FF-B87F-3047962BCF42}.Debug|Any CPU.ActiveCfg = Debug|Any CPU
		{D3F9082F-1989-46FF-B87F-3047962BCF42}.Debug|Any CPU.Build.0 = Debug|Any CPU
		{D3F9082F-1989-46FF-B87F-3047962BCF42}.Release|Any CPU.ActiveCfg = Release|Any CPU
		{D3F9082F-1989-46FF-B87F-3047962BCF42}.Release|Any CPU.Build.0 = Release|Any CPU
		{BF9CB504-D939-4D28-8D6D-DB325F2B0689}.Debug|Any CPU.ActiveCfg = Debug|Any CPU
		{BF9CB504-D939-4D28-8D6D-DB325F2B0689}.Debug|Any CPU.Build.0 = Debug|Any CPU
		{BF9CB504-D939-4D28-8D6D-DB325F2B0689}.Release|Any CPU.ActiveCfg = Release|Any CPU
		{BF9CB504-D939-4D28-8D6D-DB325F2B0689}.Release|Any CPU.Build.0 = Release|Any CPU
		{A6BFAA7F-5B7C-4570-8D3D-9CE129CFE8EA}.Debug|Any CPU.ActiveCfg = Debug|Any CPU
		{A6BFAA7F-5B7C-4570-8D3D-9CE129CFE8EA}.Debug|Any CPU.Build.0 = Debug|Any CPU
		{A6BFAA7F-5B7C-4570-8D3D-9CE129CFE8EA}.Release|Any CPU.ActiveCfg = Release|Any CPU
		{A6BFAA7F-5B7C-4570-8D3D-9CE129CFE8EA}.Release|Any CPU.Build.0 = Release|Any CPU
		{213203FC-8089-417F-B369-33FEC4964E60}.Debug|Any CPU.ActiveCfg = Debug|Any CPU
		{213203FC-8089-417F-B369-33FEC4964E60}.Debug|Any CPU.Build.0 = Debug|Any CPU
		{213203FC-8089-417F-B369-33FEC4964E60}.Release|Any CPU.ActiveCfg = Release|Any CPU
		{213203FC-8089-417F-B369-33FEC4964E60}.Release|Any CPU.Build.0 = Release|Any CPU
		{EDA5B2B5-2EEA-4313-B096-CB2677C338BF}.Debug|Any CPU.ActiveCfg = Debug|Any CPU
		{EDA5B2B5-2EEA-4313-B096-CB2677C338BF}.Debug|Any CPU.Build.0 = Debug|Any CPU
		{EDA5B2B5-2EEA-4313-B096-CB2677C338BF}.Release|Any CPU.ActiveCfg = Release|Any CPU
		{EDA5B2B5-2EEA-4313-B096-CB2677C338BF}.Release|Any CPU.Build.0 = Release|Any CPU
		{B6E7B80C-0DBF-4AE6-9D6C-0BA8718DE13B}.Debug|Any CPU.ActiveCfg = Debug|Any CPU
		{B6E7B80C-0DBF-4AE6-9D6C-0BA8718DE13B}.Debug|Any CPU.Build.0 = Debug|Any CPU
		{B6E7B80C-0DBF-4AE6-9D6C-0BA8718DE13B}.Release|Any CPU.ActiveCfg = Release|Any CPU
		{B6E7B80C-0DBF-4AE6-9D6C-0BA8718DE13B}.Release|Any CPU.Build.0 = Release|Any CPU
		{917BCB94-A613-4F41-8816-E116C137E429}.Debug|Any CPU.ActiveCfg = Debug|Any CPU
		{917BCB94-A613-4F41-8816-E116C137E429}.Debug|Any CPU.Build.0 = Debug|Any CPU
		{917BCB94-A613-4F41-8816-E116C137E429}.Release|Any CPU.ActiveCfg = Release|Any CPU
		{917BCB94-A613-4F41-8816-E116C137E429}.Release|Any CPU.Build.0 = Release|Any CPU
		{01163400-5B5D-4CF2-BD5A-4AF20903F3B9}.Debug|Any CPU.ActiveCfg = Debug|Any CPU
		{01163400-5B5D-4CF2-BD5A-4AF20903F3B9}.Debug|Any CPU.Build.0 = Debug|Any CPU
		{01163400-5B5D-4CF2-BD5A-4AF20903F3B9}.Release|Any CPU.ActiveCfg = Release|Any CPU
		{01163400-5B5D-4CF2-BD5A-4AF20903F3B9}.Release|Any CPU.Build.0 = Release|Any CPU
		{974A36EF-D980-4B72-8B7D-975744275E2A}.Debug|Any CPU.ActiveCfg = Debug|Any CPU
		{974A36EF-D980-4B72-8B7D-975744275E2A}.Debug|Any CPU.Build.0 = Debug|Any CPU
		{974A36EF-D980-4B72-8B7D-975744275E2A}.Release|Any CPU.ActiveCfg = Release|Any CPU
		{974A36EF-D980-4B72-8B7D-975744275E2A}.Release|Any CPU.Build.0 = Release|Any CPU
		{0FB4FA0F-4677-4B1C-8E4F-FA4920BCAE2F}.Debug|Any CPU.ActiveCfg = Debug|Any CPU
		{0FB4FA0F-4677-4B1C-8E4F-FA4920BCAE2F}.Debug|Any CPU.Build.0 = Debug|Any CPU
		{0FB4FA0F-4677-4B1C-8E4F-FA4920BCAE2F}.Release|Any CPU.ActiveCfg = Release|Any CPU
		{0FB4FA0F-4677-4B1C-8E4F-FA4920BCAE2F}.Release|Any CPU.Build.0 = Release|Any CPU
	EndGlobalSection
EndGlobal
